// !$*UTF8*$!
{
	archiveVersion = 1;
	classes = {
	};
	objectVersion = 56;
	objects = {

/* Begin PBXBuildFile section */
		D842B8B92B332978003A5DC4 /* AppDelegate.swift in Sources */ = {isa = PBXBuildFile; fileRef = D842B8B82B332978003A5DC4 /* AppDelegate.swift */; };
		D842B8BB2B332978003A5DC4 /* SceneDelegate.swift in Sources */ = {isa = PBXBuildFile; fileRef = D842B8BA2B332978003A5DC4 /* SceneDelegate.swift */; };
		D842B8BD2B332978003A5DC4 /* RMTabBarViewController.swift in Sources */ = {isa = PBXBuildFile; fileRef = D842B8BC2B332978003A5DC4 /* RMTabBarViewController.swift */; };
		D842B8C22B332979003A5DC4 /* Assets.xcassets in Resources */ = {isa = PBXBuildFile; fileRef = D842B8C12B332979003A5DC4 /* Assets.xcassets */; };
		D842B8C52B332979003A5DC4 /* LaunchScreen.storyboard in Resources */ = {isa = PBXBuildFile; fileRef = D842B8C32B332979003A5DC4 /* LaunchScreen.storyboard */; };
		D842B8D42B332B4D003A5DC4 /* RMLocation.swift in Sources */ = {isa = PBXBuildFile; fileRef = D842B8D32B332B4D003A5DC4 /* RMLocation.swift */; };
		D842B8D62B332B7D003A5DC4 /* RMCharacters.swift in Sources */ = {isa = PBXBuildFile; fileRef = D842B8D52B332B7D003A5DC4 /* RMCharacters.swift */; };
		D842B8D82B332B94003A5DC4 /* RMEpisode.swift in Sources */ = {isa = PBXBuildFile; fileRef = D842B8D72B332B94003A5DC4 /* RMEpisode.swift */; };
		D842B8DB2B332C1F003A5DC4 /* RMCharacterViewController.swift in Sources */ = {isa = PBXBuildFile; fileRef = D842B8DA2B332C1F003A5DC4 /* RMCharacterViewController.swift */; };
		D842B8DD2B332C31003A5DC4 /* RMLocationViewController.swift in Sources */ = {isa = PBXBuildFile; fileRef = D842B8DC2B332C31003A5DC4 /* RMLocationViewController.swift */; };
		D842B8DF2B332C50003A5DC4 /* RMSettingsViewController.swift in Sources */ = {isa = PBXBuildFile; fileRef = D842B8DE2B332C50003A5DC4 /* RMSettingsViewController.swift */; };
		D842B8E12B332C62003A5DC4 /* RMEpisodesViewController.swift in Sources */ = {isa = PBXBuildFile; fileRef = D842B8E02B332C62003A5DC4 /* RMEpisodesViewController.swift */; };
/* End PBXBuildFile section */

/* Begin PBXFileReference section */
		D842B8B52B332978003A5DC4 /* RickAndMorty.app */ = {isa = PBXFileReference; explicitFileType = wrapper.application; includeInIndex = 0; path = RickAndMorty.app; sourceTree = BUILT_PRODUCTS_DIR; };
		D842B8B82B332978003A5DC4 /* AppDelegate.swift */ = {isa = PBXFileReference; lastKnownFileType = sourcecode.swift; path = AppDelegate.swift; sourceTree = "<group>"; };
		D842B8BA2B332978003A5DC4 /* SceneDelegate.swift */ = {isa = PBXFileReference; lastKnownFileType = sourcecode.swift; path = SceneDelegate.swift; sourceTree = "<group>"; };
		D842B8BC2B332978003A5DC4 /* RMTabBarViewController.swift */ = {isa = PBXFileReference; lastKnownFileType = sourcecode.swift; path = RMTabBarViewController.swift; sourceTree = "<group>"; };
		D842B8C12B332979003A5DC4 /* Assets.xcassets */ = {isa = PBXFileReference; lastKnownFileType = folder.assetcatalog; path = Assets.xcassets; sourceTree = "<group>"; };
		D842B8C42B332979003A5DC4 /* Base */ = {isa = PBXFileReference; lastKnownFileType = file.storyboard; name = Base; path = Base.lproj/LaunchScreen.storyboard; sourceTree = "<group>"; };
		D842B8C62B332979003A5DC4 /* Info.plist */ = {isa = PBXFileReference; lastKnownFileType = text.plist.xml; path = Info.plist; sourceTree = "<group>"; };
		D842B8D32B332B4D003A5DC4 /* RMLocation.swift */ = {isa = PBXFileReference; lastKnownFileType = sourcecode.swift; path = RMLocation.swift; sourceTree = "<group>"; };
		D842B8D52B332B7D003A5DC4 /* RMCharacters.swift */ = {isa = PBXFileReference; lastKnownFileType = sourcecode.swift; path = RMCharacters.swift; sourceTree = "<group>"; };
		D842B8D72B332B94003A5DC4 /* RMEpisode.swift */ = {isa = PBXFileReference; lastKnownFileType = sourcecode.swift; path = RMEpisode.swift; sourceTree = "<group>"; };
		D842B8DA2B332C1F003A5DC4 /* RMCharacterViewController.swift */ = {isa = PBXFileReference; lastKnownFileType = sourcecode.swift; path = RMCharacterViewController.swift; sourceTree = "<group>"; };
		D842B8DC2B332C31003A5DC4 /* RMLocationViewController.swift */ = {isa = PBXFileReference; lastKnownFileType = sourcecode.swift; path = RMLocationViewController.swift; sourceTree = "<group>"; };
		D842B8DE2B332C50003A5DC4 /* RMSettingsViewController.swift */ = {isa = PBXFileReference; lastKnownFileType = sourcecode.swift; path = RMSettingsViewController.swift; sourceTree = "<group>"; };
		D842B8E02B332C62003A5DC4 /* RMEpisodesViewController.swift */ = {isa = PBXFileReference; lastKnownFileType = sourcecode.swift; path = RMEpisodesViewController.swift; sourceTree = "<group>"; };
/* End PBXFileReference section */

/* Begin PBXFrameworksBuildPhase section */
		D842B8B22B332978003A5DC4 /* Frameworks */ = {
			isa = PBXFrameworksBuildPhase;
			buildActionMask = 2147483647;
			files = (
			);
			runOnlyForDeploymentPostprocessing = 0;
		};
/* End PBXFrameworksBuildPhase section */

/* Begin PBXGroup section */
		D842B8AC2B332978003A5DC4 = {
			isa = PBXGroup;
			children = (
				D842B8B72B332978003A5DC4 /* RickAndMorty */,
				D842B8B62B332978003A5DC4 /* Products */,
			);
			sourceTree = "<group>";
		};
		D842B8B62B332978003A5DC4 /* Products */ = {
			isa = PBXGroup;
			children = (
				D842B8B52B332978003A5DC4 /* RickAndMorty.app */,
			);
			name = Products;
			sourceTree = "<group>";
		};
		D842B8B72B332978003A5DC4 /* RickAndMorty */ = {
			isa = PBXGroup;
			children = (
				D842B8CC2B332AA4003A5DC4 /* Resources */,
				D842B8CD2B332AAD003A5DC4 /* Managers */,
				D842B8D12B332AE5003A5DC4 /* Models */,
				D842B8CE2B332ABE003A5DC4 /* APIClient */,
				D842B8D02B332ADB003A5DC4 /* Views */,
				D842B8CF2B332AD0003A5DC4 /* ViewModels */,
				D842B8D22B332AED003A5DC4 /* Controllers */,
				D842B8C62B332979003A5DC4 /* Info.plist */,
			);
			path = RickAndMorty;
			sourceTree = "<group>";
		};
		D842B8CC2B332AA4003A5DC4 /* Resources */ = {
			isa = PBXGroup;
			children = (
				D842B8C12B332979003A5DC4 /* Assets.xcassets */,
				D842B8C32B332979003A5DC4 /* LaunchScreen.storyboard */,
				D842B8B82B332978003A5DC4 /* AppDelegate.swift */,
				D842B8BA2B332978003A5DC4 /* SceneDelegate.swift */,
			);
			path = Resources;
			sourceTree = "<group>";
		};
		D842B8CD2B332AAD003A5DC4 /* Managers */ = {
			isa = PBXGroup;
			children = (
			);
			path = Managers;
			sourceTree = "<group>";
		};
		D842B8CE2B332ABE003A5DC4 /* APIClient */ = {
			isa = PBXGroup;
			children = (
			);
			path = APIClient;
			sourceTree = "<group>";
		};
		D842B8CF2B332AD0003A5DC4 /* ViewModels */ = {
			isa = PBXGroup;
			children = (
			);
			path = ViewModels;
			sourceTree = "<group>";
		};
		D842B8D02B332ADB003A5DC4 /* Views */ = {
			isa = PBXGroup;
			children = (
			);
			path = Views;
			sourceTree = "<group>";
		};
		D842B8D12B332AE5003A5DC4 /* Models */ = {
			isa = PBXGroup;
			children = (
				D842B8D32B332B4D003A5DC4 /* RMLocation.swift */,
				D842B8D52B332B7D003A5DC4 /* RMCharacters.swift */,
				D842B8D72B332B94003A5DC4 /* RMEpisode.swift */,
			);
			path = Models;
			sourceTree = "<group>";
		};
		D842B8D22B332AED003A5DC4 /* Controllers */ = {
			isa = PBXGroup;
			children = (
				D842B8D92B332BEF003A5DC4 /* Core */,
			);
			path = Controllers;
			sourceTree = "<group>";
		};
		D842B8D92B332BEF003A5DC4 /* Core */ = {
			isa = PBXGroup;
			children = (
				D842B8BC2B332978003A5DC4 /* RMTabBarViewController.swift */,
				D842B8DA2B332C1F003A5DC4 /* RMCharacterViewController.swift */,
				D842B8DC2B332C31003A5DC4 /* RMLocationViewController.swift */,
				D842B8DE2B332C50003A5DC4 /* RMSettingsViewController.swift */,
				D842B8E02B332C62003A5DC4 /* RMEpisodesViewController.swift */,
			);
			path = Core;
			sourceTree = "<group>";
		};
/* End PBXGroup section */

/* Begin PBXNativeTarget section */
		D842B8B42B332978003A5DC4 /* RickAndMorty */ = {
			isa = PBXNativeTarget;
			buildConfigurationList = D842B8C92B332979003A5DC4 /* Build configuration list for PBXNativeTarget "RickAndMorty" */;
			buildPhases = (
				D842B8B12B332978003A5DC4 /* Sources */,
				D842B8B22B332978003A5DC4 /* Frameworks */,
				D842B8B32B332978003A5DC4 /* Resources */,
			);
			buildRules = (
			);
			dependencies = (
			);
			name = RickAndMorty;
			productName = RickAndMorty;
			productReference = D842B8B52B332978003A5DC4 /* RickAndMorty.app */;
			productType = "com.apple.product-type.application";
		};
/* End PBXNativeTarget section */

/* Begin PBXProject section */
		D842B8AD2B332978003A5DC4 /* Project object */ = {
			isa = PBXProject;
			attributes = {
				BuildIndependentTargetsInParallel = 1;
				LastSwiftUpdateCheck = 1500;
				LastUpgradeCheck = 1500;
				TargetAttributes = {
					D842B8B42B332978003A5DC4 = {
						CreatedOnToolsVersion = 15.0.1;
					};
				};
			};
			buildConfigurationList = D842B8B02B332978003A5DC4 /* Build configuration list for PBXProject "RickAndMorty" */;
			compatibilityVersion = "Xcode 14.0";
			developmentRegion = en;
			hasScannedForEncodings = 0;
			knownRegions = (
				en,
				Base,
			);
			mainGroup = D842B8AC2B332978003A5DC4;
			productRefGroup = D842B8B62B332978003A5DC4 /* Products */;
			projectDirPath = "";
			projectRoot = "";
			targets = (
				D842B8B42B332978003A5DC4 /* RickAndMorty */,
			);
		};
/* End PBXProject section */

/* Begin PBXResourcesBuildPhase section */
		D842B8B32B332978003A5DC4 /* Resources */ = {
			isa = PBXResourcesBuildPhase;
			buildActionMask = 2147483647;
			files = (
				D842B8C52B332979003A5DC4 /* LaunchScreen.storyboard in Resources */,
				D842B8C22B332979003A5DC4 /* Assets.xcassets in Resources */,
			);
			runOnlyForDeploymentPostprocessing = 0;
		};
/* End PBXResourcesBuildPhase section */

/* Begin PBXSourcesBuildPhase section */
		D842B8B12B332978003A5DC4 /* Sources */ = {
			isa = PBXSourcesBuildPhase;
			buildActionMask = 2147483647;
			files = (
				D842B8DF2B332C50003A5DC4 /* RMSettingsViewController.swift in Sources */,
				D842B8DD2B332C31003A5DC4 /* RMLocationViewController.swift in Sources */,
				D842B8D82B332B94003A5DC4 /* RMEpisode.swift in Sources */,
				D842B8E12B332C62003A5DC4 /* RMEpisodesViewController.swift in Sources */,
				D842B8BD2B332978003A5DC4 /* RMTabBarViewController.swift in Sources */,
				D842B8B92B332978003A5DC4 /* AppDelegate.swift in Sources */,
				D842B8D62B332B7D003A5DC4 /* RMCharacters.swift in Sources */,
				D842B8D42B332B4D003A5DC4 /* RMLocation.swift in Sources */,
				D842B8BB2B332978003A5DC4 /* SceneDelegate.swift in Sources */,
				D842B8DB2B332C1F003A5DC4 /* RMCharacterViewController.swift in Sources */,
			);
			runOnlyForDeploymentPostprocessing = 0;
		};
/* End PBXSourcesBuildPhase section */

/* Begin PBXVariantGroup section */
		D842B8C32B332979003A5DC4 /* LaunchScreen.storyboard */ = {
			isa = PBXVariantGroup;
			children = (
				D842B8C42B332979003A5DC4 /* Base */,
			);
			name = LaunchScreen.storyboard;
			sourceTree = "<group>";
		};
/* End PBXVariantGroup section */

/* Begin XCBuildConfiguration section */
		D842B8C72B332979003A5DC4 /* Debug */ = {
			isa = XCBuildConfiguration;
			buildSettings = {
				ALWAYS_SEARCH_USER_PATHS = NO;
				ASSETCATALOG_COMPILER_GENERATE_SWIFT_ASSET_SYMBOL_EXTENSIONS = YES;
				CLANG_ANALYZER_NONNULL = YES;
				CLANG_ANALYZER_NUMBER_OBJECT_CONVERSION = YES_AGGRESSIVE;
				CLANG_CXX_LANGUAGE_STANDARD = "gnu++20";
				CLANG_ENABLE_MODULES = YES;
				CLANG_ENABLE_OBJC_ARC = YES;
				CLANG_ENABLE_OBJC_WEAK = YES;
				CLANG_WARN_BLOCK_CAPTURE_AUTORELEASING = YES;
				CLANG_WARN_BOOL_CONVERSION = YES;
				CLANG_WARN_COMMA = YES;
				CLANG_WARN_CONSTANT_CONVERSION = YES;
				CLANG_WARN_DEPRECATED_OBJC_IMPLEMENTATIONS = YES;
				CLANG_WARN_DIRECT_OBJC_ISA_USAGE = YES_ERROR;
				CLANG_WARN_DOCUMENTATION_COMMENTS = YES;
				CLANG_WARN_EMPTY_BODY = YES;
				CLANG_WARN_ENUM_CONVERSION = YES;
				CLANG_WARN_INFINITE_RECURSION = YES;
				CLANG_WARN_INT_CONVERSION = YES;
				CLANG_WARN_NON_LITERAL_NULL_CONVERSION = YES;
				CLANG_WARN_OBJC_IMPLICIT_RETAIN_SELF = YES;
				CLANG_WARN_OBJC_LITERAL_CONVERSION = YES;
				CLANG_WARN_OBJC_ROOT_CLASS = YES_ERROR;
				CLANG_WARN_QUOTED_INCLUDE_IN_FRAMEWORK_HEADER = YES;
				CLANG_WARN_RANGE_LOOP_ANALYSIS = YES;
				CLANG_WARN_STRICT_PROTOTYPES = YES;
				CLANG_WARN_SUSPICIOUS_MOVE = YES;
				CLANG_WARN_UNGUARDED_AVAILABILITY = YES_AGGRESSIVE;
				CLANG_WARN_UNREACHABLE_CODE = YES;
				CLANG_WARN__DUPLICATE_METHOD_MATCH = YES;
				COPY_PHASE_STRIP = NO;
				DEBUG_INFORMATION_FORMAT = dwarf;
				ENABLE_STRICT_OBJC_MSGSEND = YES;
				ENABLE_TESTABILITY = YES;
				ENABLE_USER_SCRIPT_SANDBOXING = YES;
				GCC_C_LANGUAGE_STANDARD = gnu17;
				GCC_DYNAMIC_NO_PIC = NO;
				GCC_NO_COMMON_BLOCKS = YES;
				GCC_OPTIMIZATION_LEVEL = 0;
				GCC_PREPROCESSOR_DEFINITIONS = (
					"DEBUG=1",
					"$(inherited)",
				);
				GCC_WARN_64_TO_32_BIT_CONVERSION = YES;
				GCC_WARN_ABOUT_RETURN_TYPE = YES_ERROR;
				GCC_WARN_UNDECLARED_SELECTOR = YES;
				GCC_WARN_UNINITIALIZED_AUTOS = YES_AGGRESSIVE;
				GCC_WARN_UNUSED_FUNCTION = YES;
				GCC_WARN_UNUSED_VARIABLE = YES;
				IPHONEOS_DEPLOYMENT_TARGET = 17.0;
				LOCALIZATION_PREFERS_STRING_CATALOGS = YES;
				MTL_ENABLE_DEBUG_INFO = INCLUDE_SOURCE;
				MTL_FAST_MATH = YES;
				ONLY_ACTIVE_ARCH = YES;
				SDKROOT = iphoneos;
				SWIFT_ACTIVE_COMPILATION_CONDITIONS = "DEBUG $(inherited)";
				SWIFT_OPTIMIZATION_LEVEL = "-Onone";
			};
			name = Debug;
		};
		D842B8C82B332979003A5DC4 /* Release */ = {
			isa = XCBuildConfiguration;
			buildSettings = {
				ALWAYS_SEARCH_USER_PATHS = NO;
				ASSETCATALOG_COMPILER_GENERATE_SWIFT_ASSET_SYMBOL_EXTENSIONS = YES;
				CLANG_ANALYZER_NONNULL = YES;
				CLANG_ANALYZER_NUMBER_OBJECT_CONVERSION = YES_AGGRESSIVE;
				CLANG_CXX_LANGUAGE_STANDARD = "gnu++20";
				CLANG_ENABLE_MODULES = YES;
				CLANG_ENABLE_OBJC_ARC = YES;
				CLANG_ENABLE_OBJC_WEAK = YES;
				CLANG_WARN_BLOCK_CAPTURE_AUTORELEASING = YES;
				CLANG_WARN_BOOL_CONVERSION = YES;
				CLANG_WARN_COMMA = YES;
				CLANG_WARN_CONSTANT_CONVERSION = YES;
				CLANG_WARN_DEPRECATED_OBJC_IMPLEMENTATIONS = YES;
				CLANG_WARN_DIRECT_OBJC_ISA_USAGE = YES_ERROR;
				CLANG_WARN_DOCUMENTATION_COMMENTS = YES;
				CLANG_WARN_EMPTY_BODY = YES;
				CLANG_WARN_ENUM_CONVERSION = YES;
				CLANG_WARN_INFINITE_RECURSION = YES;
				CLANG_WARN_INT_CONVERSION = YES;
				CLANG_WARN_NON_LITERAL_NULL_CONVERSION = YES;
				CLANG_WARN_OBJC_IMPLICIT_RETAIN_SELF = YES;
				CLANG_WARN_OBJC_LITERAL_CONVERSION = YES;
				CLANG_WARN_OBJC_ROOT_CLASS = YES_ERROR;
				CLANG_WARN_QUOTED_INCLUDE_IN_FRAMEWORK_HEADER = YES;
				CLANG_WARN_RANGE_LOOP_ANALYSIS = YES;
				CLANG_WARN_STRICT_PROTOTYPES = YES;
				CLANG_WARN_SUSPICIOUS_MOVE = YES;
				CLANG_WARN_UNGUARDED_AVAILABILITY = YES_AGGRESSIVE;
				CLANG_WARN_UNREACHABLE_CODE = YES;
				CLANG_WARN__DUPLICATE_METHOD_MATCH = YES;
				COPY_PHASE_STRIP = NO;
				DEBUG_INFORMATION_FORMAT = "dwarf-with-dsym";
				ENABLE_NS_ASSERTIONS = NO;
				ENABLE_STRICT_OBJC_MSGSEND = YES;
				ENABLE_USER_SCRIPT_SANDBOXING = YES;
				GCC_C_LANGUAGE_STANDARD = gnu17;
				GCC_NO_COMMON_BLOCKS = YES;
				GCC_WARN_64_TO_32_BIT_CONVERSION = YES;
				GCC_WARN_ABOUT_RETURN_TYPE = YES_ERROR;
				GCC_WARN_UNDECLARED_SELECTOR = YES;
				GCC_WARN_UNINITIALIZED_AUTOS = YES_AGGRESSIVE;
				GCC_WARN_UNUSED_FUNCTION = YES;
				GCC_WARN_UNUSED_VARIABLE = YES;
				IPHONEOS_DEPLOYMENT_TARGET = 17.0;
				LOCALIZATION_PREFERS_STRING_CATALOGS = YES;
				MTL_ENABLE_DEBUG_INFO = NO;
				MTL_FAST_MATH = YES;
				SDKROOT = iphoneos;
				SWIFT_COMPILATION_MODE = wholemodule;
				VALIDATE_PRODUCT = YES;
			};
			name = Release;
		};
		D842B8CA2B332979003A5DC4 /* Debug */ = {
			isa = XCBuildConfiguration;
			buildSettings = {
				ASSETCATALOG_COMPILER_APPICON_NAME = AppIcon;
				ASSETCATALOG_COMPILER_GLOBAL_ACCENT_COLOR_NAME = AccentColor;
				CODE_SIGN_STYLE = Automatic;
				CURRENT_PROJECT_VERSION = 1;
				DEVELOPMENT_TEAM = GMC54SYMS5;
				GENERATE_INFOPLIST_FILE = YES;
				INFOPLIST_FILE = RickAndMorty/Info.plist;
				INFOPLIST_KEY_UIApplicationSupportsIndirectInputEvents = YES;
				INFOPLIST_KEY_UILaunchStoryboardName = LaunchScreen;
				INFOPLIST_KEY_UISupportedInterfaceOrientations_iPad = "UIInterfaceOrientationPortrait UIInterfaceOrientationPortraitUpsideDown UIInterfaceOrientationLandscapeLeft UIInterfaceOrientationLandscapeRight";
				INFOPLIST_KEY_UISupportedInterfaceOrientations_iPhone = "UIInterfaceOrientationPortrait UIInterfaceOrientationLandscapeLeft UIInterfaceOrientationLandscapeRight";
				LD_RUNPATH_SEARCH_PATHS = (
					"$(inherited)",
					"@executable_path/Frameworks",
				);
				MARKETING_VERSION = 1.0;
				PRODUCT_BUNDLE_IDENTIFIER = com.shubham.RickAndMorty;
				PRODUCT_NAME = "$(TARGET_NAME)";
				SWIFT_EMIT_LOC_STRINGS = YES;
				SWIFT_VERSION = 5.0;
				TARGETED_DEVICE_FAMILY = "1,2";
			};
			name = Debug;
		};
		D842B8CB2B332979003A5DC4 /* Release */ = {
			isa = XCBuildConfiguration;
			buildSettings = {
				ASSETCATALOG_COMPILER_APPICON_NAME = AppIcon;
				ASSETCATALOG_COMPILER_GLOBAL_ACCENT_COLOR_NAME = AccentColor;
				CODE_SIGN_STYLE = Automatic;
				CURRENT_PROJECT_VERSION = 1;
				DEVELOPMENT_TEAM = GMC54SYMS5;
				GENERATE_INFOPLIST_FILE = YES;
				INFOPLIST_FILE = RickAndMorty/Info.plist;
				INFOPLIST_KEY_UIApplicationSupportsIndirectInputEvents = YES;
				INFOPLIST_KEY_UILaunchStoryboardName = LaunchScreen;
				INFOPLIST_KEY_UISupportedInterfaceOrientations_iPad = "UIInterfaceOrientationPortrait UIInterfaceOrientationPortraitUpsideDown UIInterfaceOrientationLandscapeLeft UIInterfaceOrientationLandscapeRight";
				INFOPLIST_KEY_UISupportedInterfaceOrientations_iPhone = "UIInterfaceOrientationPortrait UIInterfaceOrientationLandscapeLeft UIInterfaceOrientationLandscapeRight";
				LD_RUNPATH_SEARCH_PATHS = (
					"$(inherited)",
					"@executable_path/Frameworks",
				);
				MARKETING_VERSION = 1.0;
				PRODUCT_BUNDLE_IDENTIFIER = com.shubham.RickAndMorty;
				PRODUCT_NAME = "$(TARGET_NAME)";
				SWIFT_EMIT_LOC_STRINGS = YES;
				SWIFT_VERSION = 5.0;
				TARGETED_DEVICE_FAMILY = "1,2";
			};
			name = Release;
		};
/* End XCBuildConfiguration section */

/* Begin XCConfigurationList section */
		D842B8B02B332978003A5DC4 /* Build configuration list for PBXProject "RickAndMorty" */ = {
			isa = XCConfigurationList;
			buildConfigurations = (
				D842B8C72B332979003A5DC4 /* Debug */,
				D842B8C82B332979003A5DC4 /* Release */,
			);
			defaultConfigurationIsVisible = 0;
			defaultConfigurationName = Release;
		};
		D842B8C92B332979003A5DC4 /* Build configuration list for PBXNativeTarget "RickAndMorty" */ = {
			isa = XCConfigurationList;
			buildConfigurations = (
				D842B8CA2B332979003A5DC4 /* Debug */,
				D842B8CB2B332979003A5DC4 /* Release */,
			);
			defaultConfigurationIsVisible = 0;
			defaultConfigurationName = Release;
		};
/* End XCConfigurationList section */
	};
	rootObject = D842B8AD2B332978003A5DC4 /* Project object */;
}
