// !$*UTF8*$!
{
	archiveVersion = 1;
	classes = {
	};
	objectVersion = 56;
	objects = {

/* Begin PBXBuildFile section */
		D843D5572BD032AB00E6975C /* RMService.swift in Sources */ = {isa = PBXBuildFile; fileRef = D843D5562BD032AB00E6975C /* RMService.swift */; };
		D843D5592BD032BF00E6975C /* RMRequest.swift in Sources */ = {isa = PBXBuildFile; fileRef = D843D5582BD032BF00E6975C /* RMRequest.swift */; };
		D843D55B2BD0336D00E6975C /* RMEndpoint.swift in Sources */ = {isa = PBXBuildFile; fileRef = D843D55A2BD0336D00E6975C /* RMEndpoint.swift */; };
		D843D55D2BD0355800E6975C /* RMOrigin.swift in Sources */ = {isa = PBXBuildFile; fileRef = D843D55C2BD0355800E6975C /* RMOrigin.swift */; };
		D843D55F2BD035CC00E6975C /* RMSingleLocation.swift in Sources */ = {isa = PBXBuildFile; fileRef = D843D55E2BD035CC00E6975C /* RMSingleLocation.swift */; };
		D843D5612BD0385800E6975C /* RMCharacterStatus.swift in Sources */ = {isa = PBXBuildFile; fileRef = D843D5602BD0385800E6975C /* RMCharacterStatus.swift */; };
		D843D5632BD0387900E6975C /* RMCharacterGender.swift in Sources */ = {isa = PBXBuildFile; fileRef = D843D5622BD0387900E6975C /* RMCharacterGender.swift */; };
		D88355272BCF73DB00FDCB93 /* AppDelegate.swift in Sources */ = {isa = PBXBuildFile; fileRef = D88355262BCF73DB00FDCB93 /* AppDelegate.swift */; };
		D88355292BCF73DB00FDCB93 /* SceneDelegate.swift in Sources */ = {isa = PBXBuildFile; fileRef = D88355282BCF73DB00FDCB93 /* SceneDelegate.swift */; };
		D883552B2BCF73DB00FDCB93 /* RMTabBarController.swift in Sources */ = {isa = PBXBuildFile; fileRef = D883552A2BCF73DB00FDCB93 /* RMTabBarController.swift */; };
		D88355302BCF73DC00FDCB93 /* Assets.xcassets in Resources */ = {isa = PBXBuildFile; fileRef = D883552F2BCF73DC00FDCB93 /* Assets.xcassets */; };
		D88355332BCF73DC00FDCB93 /* LaunchScreen.storyboard in Resources */ = {isa = PBXBuildFile; fileRef = D88355312BCF73DC00FDCB93 /* LaunchScreen.storyboard */; };
		D88355422BCF75E600FDCB93 /* RMLocation.swift in Sources */ = {isa = PBXBuildFile; fileRef = D88355412BCF75E600FDCB93 /* RMLocation.swift */; };
		D88355442BCF75F600FDCB93 /* RMCharacter.swift in Sources */ = {isa = PBXBuildFile; fileRef = D88355432BCF75F600FDCB93 /* RMCharacter.swift */; };
		D88355462BCF760000FDCB93 /* RMEpisode.swift in Sources */ = {isa = PBXBuildFile; fileRef = D88355452BCF75FF00FDCB93 /* RMEpisode.swift */; };
		D88355492BCF767000FDCB93 /* RMCharacterViewController.swift in Sources */ = {isa = PBXBuildFile; fileRef = D88355482BCF767000FDCB93 /* RMCharacterViewController.swift */; };
		D883554B2BCF767F00FDCB93 /* RMLocationViewController.swift in Sources */ = {isa = PBXBuildFile; fileRef = D883554A2BCF767F00FDCB93 /* RMLocationViewController.swift */; };
		D883554D2BCF768900FDCB93 /* RMEpisodeViewController.swift in Sources */ = {isa = PBXBuildFile; fileRef = D883554C2BCF768900FDCB93 /* RMEpisodeViewController.swift */; };
		D883554F2BCF76A300FDCB93 /* RMSettingsViewController.swift in Sources */ = {isa = PBXBuildFile; fileRef = D883554E2BCF76A300FDCB93 /* RMSettingsViewController.swift */; };
/* End PBXBuildFile section */

/* Begin PBXFileReference section */
		D843D5562BD032AB00E6975C /* RMService.swift */ = {isa = PBXFileReference; lastKnownFileType = sourcecode.swift; path = RMService.swift; sourceTree = "<group>"; };
		D843D5582BD032BF00E6975C /* RMRequest.swift */ = {isa = PBXFileReference; lastKnownFileType = sourcecode.swift; path = RMRequest.swift; sourceTree = "<group>"; };
		D843D55A2BD0336D00E6975C /* RMEndpoint.swift */ = {isa = PBXFileReference; lastKnownFileType = sourcecode.swift; path = RMEndpoint.swift; sourceTree = "<group>"; };
		D843D55C2BD0355800E6975C /* RMOrigin.swift */ = {isa = PBXFileReference; lastKnownFileType = sourcecode.swift; path = RMOrigin.swift; sourceTree = "<group>"; };
		D843D55E2BD035CC00E6975C /* RMSingleLocation.swift */ = {isa = PBXFileReference; lastKnownFileType = sourcecode.swift; path = RMSingleLocation.swift; sourceTree = "<group>"; };
		D843D5602BD0385800E6975C /* RMCharacterStatus.swift */ = {isa = PBXFileReference; lastKnownFileType = sourcecode.swift; path = RMCharacterStatus.swift; sourceTree = "<group>"; };
		D843D5622BD0387900E6975C /* RMCharacterGender.swift */ = {isa = PBXFileReference; lastKnownFileType = sourcecode.swift; path = RMCharacterGender.swift; sourceTree = "<group>"; };
		D88355232BCF73DB00FDCB93 /* RickAndMorty.app */ = {isa = PBXFileReference; explicitFileType = wrapper.application; includeInIndex = 0; path = RickAndMorty.app; sourceTree = BUILT_PRODUCTS_DIR; };
		D88355262BCF73DB00FDCB93 /* AppDelegate.swift */ = {isa = PBXFileReference; lastKnownFileType = sourcecode.swift; path = AppDelegate.swift; sourceTree = "<group>"; };
		D88355282BCF73DB00FDCB93 /* SceneDelegate.swift */ = {isa = PBXFileReference; lastKnownFileType = sourcecode.swift; path = SceneDelegate.swift; sourceTree = "<group>"; };
		D883552A2BCF73DB00FDCB93 /* RMTabBarController.swift */ = {isa = PBXFileReference; lastKnownFileType = sourcecode.swift; path = RMTabBarController.swift; sourceTree = "<group>"; };
		D883552F2BCF73DC00FDCB93 /* Assets.xcassets */ = {isa = PBXFileReference; lastKnownFileType = folder.assetcatalog; path = Assets.xcassets; sourceTree = "<group>"; };
		D88355322BCF73DC00FDCB93 /* Base */ = {isa = PBXFileReference; lastKnownFileType = file.storyboard; name = Base; path = Base.lproj/LaunchScreen.storyboard; sourceTree = "<group>"; };
		D88355342BCF73DC00FDCB93 /* Info.plist */ = {isa = PBXFileReference; lastKnownFileType = text.plist.xml; path = Info.plist; sourceTree = "<group>"; };
		D88355412BCF75E600FDCB93 /* RMLocation.swift */ = {isa = PBXFileReference; lastKnownFileType = sourcecode.swift; path = RMLocation.swift; sourceTree = "<group>"; };
		D88355432BCF75F600FDCB93 /* RMCharacter.swift */ = {isa = PBXFileReference; lastKnownFileType = sourcecode.swift; path = RMCharacter.swift; sourceTree = "<group>"; };
		D88355452BCF75FF00FDCB93 /* RMEpisode.swift */ = {isa = PBXFileReference; lastKnownFileType = sourcecode.swift; path = RMEpisode.swift; sourceTree = "<group>"; };
		D88355482BCF767000FDCB93 /* RMCharacterViewController.swift */ = {isa = PBXFileReference; lastKnownFileType = sourcecode.swift; path = RMCharacterViewController.swift; sourceTree = "<group>"; };
		D883554A2BCF767F00FDCB93 /* RMLocationViewController.swift */ = {isa = PBXFileReference; lastKnownFileType = sourcecode.swift; path = RMLocationViewController.swift; sourceTree = "<group>"; };
		D883554C2BCF768900FDCB93 /* RMEpisodeViewController.swift */ = {isa = PBXFileReference; lastKnownFileType = sourcecode.swift; path = RMEpisodeViewController.swift; sourceTree = "<group>"; };
		D883554E2BCF76A300FDCB93 /* RMSettingsViewController.swift */ = {isa = PBXFileReference; lastKnownFileType = sourcecode.swift; path = RMSettingsViewController.swift; sourceTree = "<group>"; };
/* End PBXFileReference section */

/* Begin PBXFrameworksBuildPhase section */
		D88355202BCF73DB00FDCB93 /* Frameworks */ = {
			isa = PBXFrameworksBuildPhase;
			buildActionMask = 2147483647;
			files = (
			);
			runOnlyForDeploymentPostprocessing = 0;
		};
/* End PBXFrameworksBuildPhase section */

/* Begin PBXGroup section */
		D883551A2BCF73DB00FDCB93 = {
			isa = PBXGroup;
			children = (
				D88355252BCF73DB00FDCB93 /* RickAndMorty */,
				D88355242BCF73DB00FDCB93 /* Products */,
			);
			sourceTree = "<group>";
		};
		D88355242BCF73DB00FDCB93 /* Products */ = {
			isa = PBXGroup;
			children = (
				D88355232BCF73DB00FDCB93 /* RickAndMorty.app */,
			);
			name = Products;
			sourceTree = "<group>";
		};
		D88355252BCF73DB00FDCB93 /* RickAndMorty */ = {
			isa = PBXGroup;
			children = (
				D88355402BCF758200FDCB93 /* Resources */,
				D883553F2BCF757C00FDCB93 /* Managers */,
				D883553E2BCF755C00FDCB93 /* APIClient */,
				D883553D2BCF755000FDCB93 /* ViewModels */,
				D883553C2BCF754A00FDCB93 /* Views */,
				D883553B2BCF754500FDCB93 /* Models */,
				D883553A2BCF753A00FDCB93 /* Controllers */,
				D88355342BCF73DC00FDCB93 /* Info.plist */,
			);
			path = RickAndMorty;
			sourceTree = "<group>";
		};
		D883553A2BCF753A00FDCB93 /* Controllers */ = {
			isa = PBXGroup;
			children = (
				D88355472BCF765000FDCB93 /* Core */,
			);
			path = Controllers;
			sourceTree = "<group>";
		};
		D883553B2BCF754500FDCB93 /* Models */ = {
			isa = PBXGroup;
			children = (
				D88355412BCF75E600FDCB93 /* RMLocation.swift */,
				D88355432BCF75F600FDCB93 /* RMCharacter.swift */,
				D88355452BCF75FF00FDCB93 /* RMEpisode.swift */,
				D843D55C2BD0355800E6975C /* RMOrigin.swift */,
				D843D55E2BD035CC00E6975C /* RMSingleLocation.swift */,
				D843D5602BD0385800E6975C /* RMCharacterStatus.swift */,
				D843D5622BD0387900E6975C /* RMCharacterGender.swift */,
			);
			path = Models;
			sourceTree = "<group>";
		};
		D883553C2BCF754A00FDCB93 /* Views */ = {
			isa = PBXGroup;
			children = (
			);
			path = Views;
			sourceTree = "<group>";
		};
		D883553D2BCF755000FDCB93 /* ViewModels */ = {
			isa = PBXGroup;
			children = (
			);
			path = ViewModels;
			sourceTree = "<group>";
		};
		D883553E2BCF755C00FDCB93 /* APIClient */ = {
			isa = PBXGroup;
			children = (
				D843D5562BD032AB00E6975C /* RMService.swift */,
				D843D5582BD032BF00E6975C /* RMRequest.swift */,
				D843D55A2BD0336D00E6975C /* RMEndpoint.swift */,
			);
			path = APIClient;
			sourceTree = "<group>";
		};
		D883553F2BCF757C00FDCB93 /* Managers */ = {
			isa = PBXGroup;
			children = (
			);
			path = Managers;
			sourceTree = "<group>";
		};
		D88355402BCF758200FDCB93 /* Resources */ = {
			isa = PBXGroup;
			children = (
				D883552F2BCF73DC00FDCB93 /* Assets.xcassets */,
				D88355312BCF73DC00FDCB93 /* LaunchScreen.storyboard */,
				D88355262BCF73DB00FDCB93 /* AppDelegate.swift */,
				D88355282BCF73DB00FDCB93 /* SceneDelegate.swift */,
			);
			path = Resources;
			sourceTree = "<group>";
		};
		D88355472BCF765000FDCB93 /* Core */ = {
			isa = PBXGroup;
			children = (
				D883552A2BCF73DB00FDCB93 /* RMTabBarController.swift */,
				D88355482BCF767000FDCB93 /* RMCharacterViewController.swift */,
				D883554A2BCF767F00FDCB93 /* RMLocationViewController.swift */,
				D883554C2BCF768900FDCB93 /* RMEpisodeViewController.swift */,
				D883554E2BCF76A300FDCB93 /* RMSettingsViewController.swift */,
			);
			path = Core;
			sourceTree = "<group>";
		};
/* End PBXGroup section */

/* Begin PBXNativeTarget section */
		D88355222BCF73DB00FDCB93 /* RickAndMorty */ = {
			isa = PBXNativeTarget;
			buildConfigurationList = D88355372BCF73DC00FDCB93 /* Build configuration list for PBXNativeTarget "RickAndMorty" */;
			buildPhases = (
				D883551F2BCF73DB00FDCB93 /* Sources */,
				D88355202BCF73DB00FDCB93 /* Frameworks */,
				D88355212BCF73DB00FDCB93 /* Resources */,
			);
			buildRules = (
			);
			dependencies = (
			);
			name = RickAndMorty;
			productName = RickAndMorty;
			productReference = D88355232BCF73DB00FDCB93 /* RickAndMorty.app */;
			productType = "com.apple.product-type.application";
		};
/* End PBXNativeTarget section */

/* Begin PBXProject section */
		D883551B2BCF73DB00FDCB93 /* Project object */ = {
			isa = PBXProject;
			attributes = {
				BuildIndependentTargetsInParallel = 1;
				LastSwiftUpdateCheck = 1520;
				LastUpgradeCheck = 1520;
				TargetAttributes = {
					D88355222BCF73DB00FDCB93 = {
						CreatedOnToolsVersion = 15.2;
					};
				};
			};
			buildConfigurationList = D883551E2BCF73DB00FDCB93 /* Build configuration list for PBXProject "RickAndMorty" */;
			compatibilityVersion = "Xcode 14.0";
			developmentRegion = en;
			hasScannedForEncodings = 0;
			knownRegions = (
				en,
				Base,
			);
			mainGroup = D883551A2BCF73DB00FDCB93;
			productRefGroup = D88355242BCF73DB00FDCB93 /* Products */;
			projectDirPath = "";
			projectRoot = "";
			targets = (
				D88355222BCF73DB00FDCB93 /* RickAndMorty */,
			);
		};
/* End PBXProject section */

/* Begin PBXResourcesBuildPhase section */
		D88355212BCF73DB00FDCB93 /* Resources */ = {
			isa = PBXResourcesBuildPhase;
			buildActionMask = 2147483647;
			files = (
				D88355332BCF73DC00FDCB93 /* LaunchScreen.storyboard in Resources */,
				D88355302BCF73DC00FDCB93 /* Assets.xcassets in Resources */,
			);
			runOnlyForDeploymentPostprocessing = 0;
		};
/* End PBXResourcesBuildPhase section */

/* Begin PBXSourcesBuildPhase section */
		D883551F2BCF73DB00FDCB93 /* Sources */ = {
			isa = PBXSourcesBuildPhase;
			buildActionMask = 2147483647;
			files = (
				D843D55D2BD0355800E6975C /* RMOrigin.swift in Sources */,
				D883554B2BCF767F00FDCB93 /* RMLocationViewController.swift in Sources */,
				D843D5612BD0385800E6975C /* RMCharacterStatus.swift in Sources */,
				D843D5632BD0387900E6975C /* RMCharacterGender.swift in Sources */,
				D88355462BCF760000FDCB93 /* RMEpisode.swift in Sources */,
				D883552B2BCF73DB00FDCB93 /* RMTabBarController.swift in Sources */,
				D883554D2BCF768900FDCB93 /* RMEpisodeViewController.swift in Sources */,
				D88355272BCF73DB00FDCB93 /* AppDelegate.swift in Sources */,
				D88355292BCF73DB00FDCB93 /* SceneDelegate.swift in Sources */,
				D883554F2BCF76A300FDCB93 /* RMSettingsViewController.swift in Sources */,
				D843D5572BD032AB00E6975C /* RMService.swift in Sources */,
				D88355422BCF75E600FDCB93 /* RMLocation.swift in Sources */,
				D843D55B2BD0336D00E6975C /* RMEndpoint.swift in Sources */,
				D88355442BCF75F600FDCB93 /* RMCharacter.swift in Sources */,
				D843D5592BD032BF00E6975C /* RMRequest.swift in Sources */,
				D843D55F2BD035CC00E6975C /* RMSingleLocation.swift in Sources */,
				D88355492BCF767000FDCB93 /* RMCharacterViewController.swift in Sources */,
			);
			runOnlyForDeploymentPostprocessing = 0;
		};
/* End PBXSourcesBuildPhase section */

/* Begin PBXVariantGroup section */
		D88355312BCF73DC00FDCB93 /* LaunchScreen.storyboard */ = {
			isa = PBXVariantGroup;
			children = (
				D88355322BCF73DC00FDCB93 /* Base */,
			);
			name = LaunchScreen.storyboard;
			sourceTree = "<group>";
		};
/* End PBXVariantGroup section */

/* Begin XCBuildConfiguration section */
		D88355352BCF73DC00FDCB93 /* Debug */ = {
			isa = XCBuildConfiguration;
			buildSettings = {
				ALWAYS_SEARCH_USER_PATHS = NO;
				ASSETCATALOG_COMPILER_GENERATE_SWIFT_ASSET_SYMBOL_EXTENSIONS = YES;
				CLANG_ANALYZER_NONNULL = YES;
				CLANG_ANALYZER_NUMBER_OBJECT_CONVERSION = YES_AGGRESSIVE;
				CLANG_CXX_LANGUAGE_STANDARD = "gnu++20";
				CLANG_ENABLE_MODULES = YES;
				CLANG_ENABLE_OBJC_ARC = YES;
				CLANG_ENABLE_OBJC_WEAK = YES;
				CLANG_WARN_BLOCK_CAPTURE_AUTORELEASING = YES;
				CLANG_WARN_BOOL_CONVERSION = YES;
				CLANG_WARN_COMMA = YES;
				CLANG_WARN_CONSTANT_CONVERSION = YES;
				CLANG_WARN_DEPRECATED_OBJC_IMPLEMENTATIONS = YES;
				CLANG_WARN_DIRECT_OBJC_ISA_USAGE = YES_ERROR;
				CLANG_WARN_DOCUMENTATION_COMMENTS = YES;
				CLANG_WARN_EMPTY_BODY = YES;
				CLANG_WARN_ENUM_CONVERSION = YES;
				CLANG_WARN_INFINITE_RECURSION = YES;
				CLANG_WARN_INT_CONVERSION = YES;
				CLANG_WARN_NON_LITERAL_NULL_CONVERSION = YES;
				CLANG_WARN_OBJC_IMPLICIT_RETAIN_SELF = YES;
				CLANG_WARN_OBJC_LITERAL_CONVERSION = YES;
				CLANG_WARN_OBJC_ROOT_CLASS = YES_ERROR;
				CLANG_WARN_QUOTED_INCLUDE_IN_FRAMEWORK_HEADER = YES;
				CLANG_WARN_RANGE_LOOP_ANALYSIS = YES;
				CLANG_WARN_STRICT_PROTOTYPES = YES;
				CLANG_WARN_SUSPICIOUS_MOVE = YES;
				CLANG_WARN_UNGUARDED_AVAILABILITY = YES_AGGRESSIVE;
				CLANG_WARN_UNREACHABLE_CODE = YES;
				CLANG_WARN__DUPLICATE_METHOD_MATCH = YES;
				COPY_PHASE_STRIP = NO;
				DEBUG_INFORMATION_FORMAT = dwarf;
				ENABLE_STRICT_OBJC_MSGSEND = YES;
				ENABLE_TESTABILITY = YES;
				ENABLE_USER_SCRIPT_SANDBOXING = YES;
				GCC_C_LANGUAGE_STANDARD = gnu17;
				GCC_DYNAMIC_NO_PIC = NO;
				GCC_NO_COMMON_BLOCKS = YES;
				GCC_OPTIMIZATION_LEVEL = 0;
				GCC_PREPROCESSOR_DEFINITIONS = (
					"DEBUG=1",
					"$(inherited)",
				);
				GCC_WARN_64_TO_32_BIT_CONVERSION = YES;
				GCC_WARN_ABOUT_RETURN_TYPE = YES_ERROR;
				GCC_WARN_UNDECLARED_SELECTOR = YES;
				GCC_WARN_UNINITIALIZED_AUTOS = YES_AGGRESSIVE;
				GCC_WARN_UNUSED_FUNCTION = YES;
				GCC_WARN_UNUSED_VARIABLE = YES;
				IPHONEOS_DEPLOYMENT_TARGET = 17.2;
				LOCALIZATION_PREFERS_STRING_CATALOGS = YES;
				MTL_ENABLE_DEBUG_INFO = INCLUDE_SOURCE;
				MTL_FAST_MATH = YES;
				ONLY_ACTIVE_ARCH = YES;
				SDKROOT = iphoneos;
				SWIFT_ACTIVE_COMPILATION_CONDITIONS = "DEBUG $(inherited)";
				SWIFT_OPTIMIZATION_LEVEL = "-Onone";
			};
			name = Debug;
		};
		D88355362BCF73DC00FDCB93 /* Release */ = {
			isa = XCBuildConfiguration;
			buildSettings = {
				ALWAYS_SEARCH_USER_PATHS = NO;
				ASSETCATALOG_COMPILER_GENERATE_SWIFT_ASSET_SYMBOL_EXTENSIONS = YES;
				CLANG_ANALYZER_NONNULL = YES;
				CLANG_ANALYZER_NUMBER_OBJECT_CONVERSION = YES_AGGRESSIVE;
				CLANG_CXX_LANGUAGE_STANDARD = "gnu++20";
				CLANG_ENABLE_MODULES = YES;
				CLANG_ENABLE_OBJC_ARC = YES;
				CLANG_ENABLE_OBJC_WEAK = YES;
				CLANG_WARN_BLOCK_CAPTURE_AUTORELEASING = YES;
				CLANG_WARN_BOOL_CONVERSION = YES;
				CLANG_WARN_COMMA = YES;
				CLANG_WARN_CONSTANT_CONVERSION = YES;
				CLANG_WARN_DEPRECATED_OBJC_IMPLEMENTATIONS = YES;
				CLANG_WARN_DIRECT_OBJC_ISA_USAGE = YES_ERROR;
				CLANG_WARN_DOCUMENTATION_COMMENTS = YES;
				CLANG_WARN_EMPTY_BODY = YES;
				CLANG_WARN_ENUM_CONVERSION = YES;
				CLANG_WARN_INFINITE_RECURSION = YES;
				CLANG_WARN_INT_CONVERSION = YES;
				CLANG_WARN_NON_LITERAL_NULL_CONVERSION = YES;
				CLANG_WARN_OBJC_IMPLICIT_RETAIN_SELF = YES;
				CLANG_WARN_OBJC_LITERAL_CONVERSION = YES;
				CLANG_WARN_OBJC_ROOT_CLASS = YES_ERROR;
				CLANG_WARN_QUOTED_INCLUDE_IN_FRAMEWORK_HEADER = YES;
				CLANG_WARN_RANGE_LOOP_ANALYSIS = YES;
				CLANG_WARN_STRICT_PROTOTYPES = YES;
				CLANG_WARN_SUSPICIOUS_MOVE = YES;
				CLANG_WARN_UNGUARDED_AVAILABILITY = YES_AGGRESSIVE;
				CLANG_WARN_UNREACHABLE_CODE = YES;
				CLANG_WARN__DUPLICATE_METHOD_MATCH = YES;
				COPY_PHASE_STRIP = NO;
				DEBUG_INFORMATION_FORMAT = "dwarf-with-dsym";
				ENABLE_NS_ASSERTIONS = NO;
				ENABLE_STRICT_OBJC_MSGSEND = YES;
				ENABLE_USER_SCRIPT_SANDBOXING = YES;
				GCC_C_LANGUAGE_STANDARD = gnu17;
				GCC_NO_COMMON_BLOCKS = YES;
				GCC_WARN_64_TO_32_BIT_CONVERSION = YES;
				GCC_WARN_ABOUT_RETURN_TYPE = YES_ERROR;
				GCC_WARN_UNDECLARED_SELECTOR = YES;
				GCC_WARN_UNINITIALIZED_AUTOS = YES_AGGRESSIVE;
				GCC_WARN_UNUSED_FUNCTION = YES;
				GCC_WARN_UNUSED_VARIABLE = YES;
				IPHONEOS_DEPLOYMENT_TARGET = 17.2;
				LOCALIZATION_PREFERS_STRING_CATALOGS = YES;
				MTL_ENABLE_DEBUG_INFO = NO;
				MTL_FAST_MATH = YES;
				SDKROOT = iphoneos;
				SWIFT_COMPILATION_MODE = wholemodule;
				VALIDATE_PRODUCT = YES;
			};
			name = Release;
		};
		D88355382BCF73DC00FDCB93 /* Debug */ = {
			isa = XCBuildConfiguration;
			buildSettings = {
				ASSETCATALOG_COMPILER_APPICON_NAME = AppIcon;
				ASSETCATALOG_COMPILER_GLOBAL_ACCENT_COLOR_NAME = AccentColor;
				CODE_SIGN_STYLE = Automatic;
				CURRENT_PROJECT_VERSION = 1;
				DEVELOPMENT_TEAM = GMC54SYMS5;
				GENERATE_INFOPLIST_FILE = YES;
				INFOPLIST_FILE = RickAndMorty/Info.plist;
				INFOPLIST_KEY_UIApplicationSupportsIndirectInputEvents = YES;
				INFOPLIST_KEY_UILaunchStoryboardName = LaunchScreen;
				INFOPLIST_KEY_UISupportedInterfaceOrientations_iPad = "UIInterfaceOrientationPortrait UIInterfaceOrientationPortraitUpsideDown UIInterfaceOrientationLandscapeLeft UIInterfaceOrientationLandscapeRight";
				INFOPLIST_KEY_UISupportedInterfaceOrientations_iPhone = "UIInterfaceOrientationPortrait UIInterfaceOrientationLandscapeLeft UIInterfaceOrientationLandscapeRight";
				LD_RUNPATH_SEARCH_PATHS = (
					"$(inherited)",
					"@executable_path/Frameworks",
				);
				MARKETING_VERSION = 1.0;
				PRODUCT_BUNDLE_IDENTIFIER = com.shubham.RickAndMorty;
				PRODUCT_NAME = "$(TARGET_NAME)";
				SWIFT_EMIT_LOC_STRINGS = YES;
				SWIFT_VERSION = 5.0;
				TARGETED_DEVICE_FAMILY = "1,2";
			};
			name = Debug;
		};
		D88355392BCF73DC00FDCB93 /* Release */ = {
			isa = XCBuildConfiguration;
			buildSettings = {
				ASSETCATALOG_COMPILER_APPICON_NAME = AppIcon;
				ASSETCATALOG_COMPILER_GLOBAL_ACCENT_COLOR_NAME = AccentColor;
				CODE_SIGN_STYLE = Automatic;
				CURRENT_PROJECT_VERSION = 1;
				DEVELOPMENT_TEAM = GMC54SYMS5;
				GENERATE_INFOPLIST_FILE = YES;
				INFOPLIST_FILE = RickAndMorty/Info.plist;
				INFOPLIST_KEY_UIApplicationSupportsIndirectInputEvents = YES;
				INFOPLIST_KEY_UILaunchStoryboardName = LaunchScreen;
				INFOPLIST_KEY_UISupportedInterfaceOrientations_iPad = "UIInterfaceOrientationPortrait UIInterfaceOrientationPortraitUpsideDown UIInterfaceOrientationLandscapeLeft UIInterfaceOrientationLandscapeRight";
				INFOPLIST_KEY_UISupportedInterfaceOrientations_iPhone = "UIInterfaceOrientationPortrait UIInterfaceOrientationLandscapeLeft UIInterfaceOrientationLandscapeRight";
				LD_RUNPATH_SEARCH_PATHS = (
					"$(inherited)",
					"@executable_path/Frameworks",
				);
				MARKETING_VERSION = 1.0;
				PRODUCT_BUNDLE_IDENTIFIER = com.shubham.RickAndMorty;
				PRODUCT_NAME = "$(TARGET_NAME)";
				SWIFT_EMIT_LOC_STRINGS = YES;
				SWIFT_VERSION = 5.0;
				TARGETED_DEVICE_FAMILY = "1,2";
			};
			name = Release;
		};
/* End XCBuildConfiguration section */

/* Begin XCConfigurationList section */
		D883551E2BCF73DB00FDCB93 /* Build configuration list for PBXProject "RickAndMorty" */ = {
			isa = XCConfigurationList;
			buildConfigurations = (
				D88355352BCF73DC00FDCB93 /* Debug */,
				D88355362BCF73DC00FDCB93 /* Release */,
			);
			defaultConfigurationIsVisible = 0;
			defaultConfigurationName = Release;
		};
		D88355372BCF73DC00FDCB93 /* Build configuration list for PBXNativeTarget "RickAndMorty" */ = {
			isa = XCConfigurationList;
			buildConfigurations = (
				D88355382BCF73DC00FDCB93 /* Debug */,
				D88355392BCF73DC00FDCB93 /* Release */,
			);
			defaultConfigurationIsVisible = 0;
			defaultConfigurationName = Release;
		};
/* End XCConfigurationList section */
	};
	rootObject = D883551B2BCF73DB00FDCB93 /* Project object */;
}
